
Microsoft Visual Studio Solution File, Format Version 12.00
# Visual Studio Version 17
VisualStudioVersion = 17.0.31903.59
MinimumVisualStudioVersion = 10.0.40219.1
Project("{FAE04EC0-301F-11D3-BF4B-00C04F79EFBC}") = "TestWebApi.API", "TestWebApi.API\TestWebApi.API.csproj", "{41DAB865-8145-4CEA-9E2C-BB29D48EE46C}"
EndProject
Project("{FAE04EC0-301F-11D3-BF4B-00C04F79EFBC}") = "TestWebApi.Infrastructure", "TestWebApi.Infrastructure\TestWebApi.Infrastructure.csproj", "{51FAAE8C-B42C-4059-986C-0DD37C512A06}"
EndProject
Project("{FAE04EC0-301F-11D3-BF4B-00C04F79EFBC}") = "TestWebApi.Domain", "TestWebApi.Domain\TestWebApi.Domain.csproj", "{9F9792AF-EA5D-4E0C-98BE-5D0D0F55FA40}"
EndProject
Project("{FAE04EC0-301F-11D3-BF4B-00C04F79EFBC}") = "TestWebApi.Application", "TestWebApi.Application\TestWebApi.Application.csproj", "{718ED8FF-1143-4EA9-A95B-543C10874F26}"
EndProject
Global
	GlobalSection(SolutionConfigurationPlatforms) = preSolution
		Debug|Any CPU = Debug|Any CPU
		Debug|x64 = Debug|x64
		Debug|x86 = Debug|x86
		Release|Any CPU = Release|Any CPU
		Release|x64 = Release|x64
		Release|x86 = Release|x86
	EndGlobalSection
	GlobalSection(ProjectConfigurationPlatforms) = postSolution
		{41DAB865-8145-4CEA-9E2C-BB29D48EE46C}.Debug|Any CPU.ActiveCfg = Debug|Any CPU
		{41DAB865-8145-4CEA-9E2C-BB29D48EE46C}.Debug|Any CPU.Build.0 = Debug|Any CPU
		{41DAB865-8145-4CEA-9E2C-BB29D48EE46C}.Debug|x64.ActiveCfg = Debug|Any CPU
		{41DAB865-8145-4CEA-9E2C-BB29D48EE46C}.Debug|x64.Build.0 = Debug|Any CPU
		{41DAB865-8145-4CEA-9E2C-BB29D48EE46C}.Debug|x86.ActiveCfg = Debug|Any CPU
		{41DAB865-8145-4CEA-9E2C-BB29D48EE46C}.Debug|x86.Build.0 = Debug|Any CPU
		{41DAB865-8145-4CEA-9E2C-BB29D48EE46C}.Release|Any CPU.ActiveCfg = Release|Any CPU
		{41DAB865-8145-4CEA-9E2C-BB29D48EE46C}.Release|Any CPU.Build.0 = Release|Any CPU
		{41DAB865-8145-4CEA-9E2C-BB29D48EE46C}.Release|x64.ActiveCfg = Release|Any CPU
		{41DAB865-8145-4CEA-9E2C-BB29D48EE46C}.Release|x64.Build.0 = Release|Any CPU
		{41DAB865-8145-4CEA-9E2C-BB29D48EE46C}.Release|x86.ActiveCfg = Release|Any CPU
		{41DAB865-8145-4CEA-9E2C-BB29D48EE46C}.Release|x86.Build.0 = Release|Any CPU
		{51FAAE8C-B42C-4059-986C-0DD37C512A06}.Debug|Any CPU.ActiveCfg = Debug|Any CPU
		{51FAAE8C-B42C-4059-986C-0DD37C512A06}.Debug|Any CPU.Build.0 = Debug|Any CPU
		{51FAAE8C-B42C-4059-986C-0DD37C512A06}.Debug|x64.ActiveCfg = Debug|Any CPU
		{51FAAE8C-B42C-4059-986C-0DD37C512A06}.Debug|x64.Build.0 = Debug|Any CPU
		{51FAAE8C-B42C-4059-986C-0DD37C512A06}.Debug|x86.ActiveCfg = Debug|Any CPU
		{51FAAE8C-B42C-4059-986C-0DD37C512A06}.Debug|x86.Build.0 = Debug|Any CPU
		{51FAAE8C-B42C-4059-986C-0DD37C512A06}.Release|Any CPU.ActiveCfg = Release|Any CPU
		{51FAAE8C-B42C-4059-986C-0DD37C512A06}.Release|Any CPU.Build.0 = Release|Any CPU
		{51FAAE8C-B42C-4059-986C-0DD37C512A06}.Release|x64.ActiveCfg = Release|Any CPU
		{51FAAE8C-B42C-4059-986C-0DD37C512A06}.Release|x64.Build.0 = Release|Any CPU
		{51FAAE8C-B42C-4059-986C-0DD37C512A06}.Release|x86.ActiveCfg = Release|Any CPU
		{51FAAE8C-B42C-4059-986C-0DD37C512A06}.Release|x86.Build.0 = Release|Any CPU
		{9F9792AF-EA5D-4E0C-98BE-5D0D0F55FA40}.Debug|Any CPU.ActiveCfg = Debug|Any CPU
		{9F9792AF-EA5D-4E0C-98BE-5D0D0F55FA40}.Debug|Any CPU.Build.0 = Debug|Any CPU
		{9F9792AF-EA5D-4E0C-98BE-5D0D0F55FA40}.Debug|x64.ActiveCfg = Debug|Any CPU
		{9F9792AF-EA5D-4E0C-98BE-5D0D0F55FA40}.Debug|x64.Build.0 = Debug|Any CPU
		{9F9792AF-EA5D-4E0C-98BE-5D0D0F55FA40}.Debug|x86.ActiveCfg = Debug|Any CPU
		{9F9792AF-EA5D-4E0C-98BE-5D0D0F55FA40}.Debug|x86.Build.0 = Debug|Any CPU
		{9F9792AF-EA5D-4E0C-98BE-5D0D0F55FA40}.Release|Any CPU.ActiveCfg = Release|Any CPU
		{9F9792AF-EA5D-4E0C-98BE-5D0D0F55FA40}.Release|Any CPU.Build.0 = Release|Any CPU
		{9F9792AF-EA5D-4E0C-98BE-5D0D0F55FA40}.Release|x64.ActiveCfg = Release|Any CPU
		{9F9792AF-EA5D-4E0C-98BE-5D0D0F55FA40}.Release|x64.Build.0 = Release|Any CPU
		{9F9792AF-EA5D-4E0C-98BE-5D0D0F55FA40}.Release|x86.ActiveCfg = Release|Any CPU
		{9F9792AF-EA5D-4E0C-98BE-5D0D0F55FA40}.Release|x86.Build.0 = Release|Any CPU
		{718ED8FF-1143-4EA9-A95B-543C10874F26}.Debug|Any CPU.ActiveCfg = Debug|Any CPU
		{718ED8FF-1143-4EA9-A95B-543C10874F26}.Debug|Any CPU.Build.0 = Debug|Any CPU
		{718ED8FF-1143-4EA9-A95B-543C10874F26}.Debug|x64.ActiveCfg = Debug|Any CPU
		{718ED8FF-1143-4EA9-A95B-543C10874F26}.Debug|x64.Build.0 = Debug|Any CPU
		{718ED8FF-1143-4EA9-A95B-543C10874F26}.Debug|x86.ActiveCfg = Debug|Any CPU
		{718ED8FF-1143-4EA9-A95B-543C10874F26}.Debug|x86.Build.0 = Debug|Any CPU
		{718ED8FF-1143-4EA9-A95B-543C10874F26}.Release|Any CPU.ActiveCfg = Release|Any CPU
		{718ED8FF-1143-4EA9-A95B-543C10874F26}.Release|Any CPU.Build.0 = Release|Any CPU
		{718ED8FF-1143-4EA9-A95B-543C10874F26}.Release|x64.ActiveCfg = Release|Any CPU
		{718ED8FF-1143-4EA9-A95B-543C10874F26}.Release|x64.Build.0 = Release|Any CPU
		{718ED8FF-1143-4EA9-A95B-543C10874F26}.Release|x86.ActiveCfg = Release|Any CPU
		{718ED8FF-1143-4EA9-A95B-543C10874F26}.Release|x86.Build.0 = Release|Any CPU
	EndGlobalSection
	GlobalSection(SolutionProperties) = preSolution
		HideSolutionNode = FALSE
	EndGlobalSection
	GlobalSection(ExtensibilityGlobals) = postSolution
		SolutionGuid = {338995AA-DC87-431F-9F37-206F4AC010D4}
	EndGlobalSection
EndGlobal
